
Microsoft Visual Studio Solution File, Format Version 12.00
# Visual Studio 15
VisualStudioVersion = 15.0.26430.16
MinimumVisualStudioVersion = 10.0.40219.1
Project("{9A19103F-16F7-4668-BE54-9A1E7A4F7556}") = "QuickGraph", "QuickGraph\QuickGraph.csproj", "{14156EF3-3119-436C-A590-5499C8EA7CE2}"
EndProject
Project("{2150E333-8FDC-42A3-9474-1A3956D46DE8}") = "src", "src", "{1A3D8E58-90CB-4767-ADB4-BDDFE86C287B}"
EndProject
Project("{9A19103F-16F7-4668-BE54-9A1E7A4F7556}") = "QuickGraph.Net47", "QuickGraph\QuickGraph.Net47.csproj", "{98F32991-C438-4E97-9A01-7B702923406B}"
EndProject
Global
	GlobalSection(SolutionConfigurationPlatforms) = preSolution
		Debug|Any CPU = Debug|Any CPU
		Release|Any CPU = Release|Any CPU
	EndGlobalSection
	GlobalSection(ProjectConfigurationPlatforms) = postSolution
		{14156EF3-3119-436C-A590-5499C8EA7CE2}.Debug|Any CPU.ActiveCfg = Debug|Any CPU
		{14156EF3-3119-436C-A590-5499C8EA7CE2}.Debug|Any CPU.Build.0 = Debug|Any CPU
		{14156EF3-3119-436C-A590-5499C8EA7CE2}.Release|Any CPU.ActiveCfg = Release|Any CPU
		{14156EF3-3119-436C-A590-5499C8EA7CE2}.Release|Any CPU.Build.0 = Release|Any CPU
		{98F32991-C438-4E97-9A01-7B702923406B}.Debug|Any CPU.ActiveCfg = Debug|Any CPU
		{98F32991-C438-4E97-9A01-7B702923406B}.Debug|Any CPU.Build.0 = Debug|Any CPU
		{98F32991-C438-4E97-9A01-7B702923406B}.Release|Any CPU.ActiveCfg = Release|Any CPU
		{98F32991-C438-4E97-9A01-7B702923406B}.Release|Any CPU.Build.0 = Release|Any CPU
	EndGlobalSection
	GlobalSection(SolutionProperties) = preSolution
		HideSolutionNode = FALSE
	EndGlobalSection
	GlobalSection(NestedProjects) = preSolution
		{14156EF3-3119-436C-A590-5499C8EA7CE2} = {1A3D8E58-90CB-4767-ADB4-BDDFE86C287B}
		{98F32991-C438-4E97-9A01-7B702923406B} = {1A3D8E58-90CB-4767-ADB4-BDDFE86C287B}
	EndGlobalSection
EndGlobal
